
Microsoft Visual Studio Solution File, Format Version 12.00
# Visual Studio Version 17
VisualStudioVersion = 17.4.32804.182
MinimumVisualStudioVersion = 10.0.40219.1
Project("{FAE04EC0-301F-11D3-BF4B-00C04F79EFBC}") = "Northwind.Entites", "Northwind.Entites\Northwind.Entites.csproj", "{85902178-9293-44CA-8502-0CE0B0B72514}"
EndProject
Project("{FAE04EC0-301F-11D3-BF4B-00C04F79EFBC}") = "Northwind.DAL", "Northwind.DAL\Northwind.DAL.csproj", "{6A39A5EE-8177-4D6D-A572-E53C9218D256}"
EndProject
Project("{FAE04EC0-301F-11D3-BF4B-00C04F79EFBC}") = "Northwind.BL", "Northwind.BL\Northwind.BL.csproj", "{F16387EA-5DDD-459B-B8BF-DEA3985BE5BA}"
EndProject
Project("{FAE04EC0-301F-11D3-BF4B-00C04F79EFBC}") = "Northwind.Console", "Northwind.Console\Northwind.Console.csproj", "{5979BBBF-C7CA-47E6-9195-03DC5A6BCDE2}"
EndProject
Project("{FAE04EC0-301F-11D3-BF4B-00C04F79EFBC}") = "Northwind.WebUI", "Northwind.WebUI\Northwind.WebUI.csproj", "{31CA7056-8FE4-4BBC-ABD8-67E2DAA4C06E}"
EndProject
Global
	GlobalSection(SolutionConfigurationPlatforms) = preSolution
		Debug|Any CPU = Debug|Any CPU
		Release|Any CPU = Release|Any CPU
	EndGlobalSection
	GlobalSection(ProjectConfigurationPlatforms) = postSolution
		{85902178-9293-44CA-8502-0CE0B0B72514}.Debug|Any CPU.ActiveCfg = Debug|Any CPU
		{85902178-9293-44CA-8502-0CE0B0B72514}.Debug|Any CPU.Build.0 = Debug|Any CPU
		{85902178-9293-44CA-8502-0CE0B0B72514}.Release|Any CPU.ActiveCfg = Release|Any CPU
		{85902178-9293-44CA-8502-0CE0B0B72514}.Release|Any CPU.Build.0 = Release|Any CPU
		{6A39A5EE-8177-4D6D-A572-E53C9218D256}.Debug|Any CPU.ActiveCfg = Debug|Any CPU
		{6A39A5EE-8177-4D6D-A572-E53C9218D256}.Debug|Any CPU.Build.0 = Debug|Any CPU
		{6A39A5EE-8177-4D6D-A572-E53C9218D256}.Release|Any CPU.ActiveCfg = Release|Any CPU
		{6A39A5EE-8177-4D6D-A572-E53C9218D256}.Release|Any CPU.Build.0 = Release|Any CPU
		{F16387EA-5DDD-459B-B8BF-DEA3985BE5BA}.Debug|Any CPU.ActiveCfg = Debug|Any CPU
		{F16387EA-5DDD-459B-B8BF-DEA3985BE5BA}.Debug|Any CPU.Build.0 = Debug|Any CPU
		{F16387EA-5DDD-459B-B8BF-DEA3985BE5BA}.Release|Any CPU.ActiveCfg = Release|Any CPU
		{F16387EA-5DDD-459B-B8BF-DEA3985BE5BA}.Release|Any CPU.Build.0 = Release|Any CPU
		{5979BBBF-C7CA-47E6-9195-03DC5A6BCDE2}.Debug|Any CPU.ActiveCfg = Debug|Any CPU
		{5979BBBF-C7CA-47E6-9195-03DC5A6BCDE2}.Debug|Any CPU.Build.0 = Debug|Any CPU
		{5979BBBF-C7CA-47E6-9195-03DC5A6BCDE2}.Release|Any CPU.ActiveCfg = Release|Any CPU
		{5979BBBF-C7CA-47E6-9195-03DC5A6BCDE2}.Release|Any CPU.Build.0 = Release|Any CPU
		{31CA7056-8FE4-4BBC-ABD8-67E2DAA4C06E}.Debug|Any CPU.ActiveCfg = Debug|Any CPU
		{31CA7056-8FE4-4BBC-ABD8-67E2DAA4C06E}.Debug|Any CPU.Build.0 = Debug|Any CPU
		{31CA7056-8FE4-4BBC-ABD8-67E2DAA4C06E}.Release|Any CPU.ActiveCfg = Release|Any CPU
		{31CA7056-8FE4-4BBC-ABD8-67E2DAA4C06E}.Release|Any CPU.Build.0 = Release|Any CPU
	EndGlobalSection
	GlobalSection(SolutionProperties) = preSolution
		HideSolutionNode = FALSE
	EndGlobalSection
	GlobalSection(ExtensibilityGlobals) = postSolution
		SolutionGuid = {13C86440-AEB1-4EE5-BC99-3DB293E4B2AC}
	EndGlobalSection
EndGlobal
